
Microsoft Visual Studio Solution File, Format Version 12.00
# Visual Studio Version 17
VisualStudioVersion = 17.0.31903.59
MinimumVisualStudioVersion = 10.0.40219.1
Project("{FAE04EC0-301F-11D3-BF4B-00C04F79EFBC}") = "EtecVeiculos.Api", "EtecVeiculos.Api\EtecVeiculos.Api.csproj", "{C811A3CE-DEC5-4BCC-AADB-CB176CCBC2A6}"
EndProject
Project("{FAE04EC0-301F-11D3-BF4B-00C04F79EFBC}") = "EtecVeiculos.UI", "EtecVeiculos.UI\EtecVeiculos.UI.csproj", "{8D4E3D2D-7186-45E9-9F00-292C755C1404}"
EndProject
Global
	GlobalSection(SolutionConfigurationPlatforms) = preSolution
		Debug|Any CPU = Debug|Any CPU
		Release|Any CPU = Release|Any CPU
	EndGlobalSection
	GlobalSection(SolutionProperties) = preSolution
		HideSolutionNode = FALSE
	EndGlobalSection
	GlobalSection(ProjectConfigurationPlatforms) = postSolution
		{C811A3CE-DEC5-4BCC-AADB-CB176CCBC2A6}.Debug|Any CPU.ActiveCfg = Debug|Any CPU
		{C811A3CE-DEC5-4BCC-AADB-CB176CCBC2A6}.Debug|Any CPU.Build.0 = Debug|Any CPU
		{C811A3CE-DEC5-4BCC-AADB-CB176CCBC2A6}.Release|Any CPU.ActiveCfg = Release|Any CPU
		{C811A3CE-DEC5-4BCC-AADB-CB176CCBC2A6}.Release|Any CPU.Build.0 = Release|Any CPU
		{8D4E3D2D-7186-45E9-9F00-292C755C1404}.Debug|Any CPU.ActiveCfg = Debug|Any CPU
		{8D4E3D2D-7186-45E9-9F00-292C755C1404}.Debug|Any CPU.Build.0 = Debug|Any CPU
		{8D4E3D2D-7186-45E9-9F00-292C755C1404}.Release|Any CPU.ActiveCfg = Release|Any CPU
		{8D4E3D2D-7186-45E9-9F00-292C755C1404}.Release|Any CPU.Build.0 = Release|Any CPU
	EndGlobalSection
EndGlobal
